
Microsoft Visual Studio Solution File, Format Version 12.00
# Visual Studio Version 17
VisualStudioVersion = 17.8.34330.188
MinimumVisualStudioVersion = 10.0.40219.1
Project("{9A19103F-16F7-4668-BE54-9A1E7A4F7556}") = "SECCION-06-MATRICES", "SECCION-06-MATRICES\SECCION-06-MATRICES.csproj", "{BE15C7F9-0D61-446F-A648-B97DF06CD14D}"
EndProject
Project("{9A19103F-16F7-4668-BE54-9A1E7A4F7556}") = "SECCION-04_CICLOS", "SECCION-04_CICLOS\SECCION-04_CICLOS.csproj", "{4D671AE6-E120-4BF2-A282-17AB6440531E}"
EndProject
Project("{9A19103F-16F7-4668-BE54-9A1E7A4F7556}") = "SECCION-05_METODOS", "SECCION-05_METODOS\SECCION-05_METODOS.csproj", "{4473A907-9748-42F1-A850-9659D55966F8}"
EndProject
Project("{9A19103F-16F7-4668-BE54-9A1E7A4F7556}") = "SECCION-07-CLASE", "SECCION-07-CLASE\SECCION-07-CLASE.csproj", "{63343C95-C8AE-4A31-8FAB-480FBA295E79}"
EndProject
Project("{2150E333-8FDC-42A3-9474-1A3956D46DE8}") = "_TAREAS", "_TAREAS", "{1A6C6509-2A77-49C4-90A8-62C8614D08AA}"
EndProject
Project("{9A19103F-16F7-4668-BE54-9A1E7A4F7556}") = "TAREA-UNKNOWN", "TAREA-UNKNOWN\TAREA-UNKNOWN.csproj", "{2B7B2C01-B9B9-48B8-B100-7E85B58E3F85}"
EndProject
Project("{9A19103F-16F7-4668-BE54-9A1E7A4F7556}") = "CONTROL-EXCEPTIONS", "CONTROL-EXCEPTIONS\CONTROL-EXCEPTIONS.csproj", "{DE2B2D2B-06E3-4904-9528-A98175338BF8}"
EndProject
Project("{9A19103F-16F7-4668-BE54-9A1E7A4F7556}") = "SECCION-11_FLUJOS-ARCHIVOS-IO", "SECCION-11_FLUJOS-ARCHIVOS-IO\SECCION-11_FLUJOS-ARCHIVOS-IO.csproj", "{0ACEEB05-41C6-45A0-9D8A-ABBD150A132C}"
EndProject
Project("{9A19103F-16F7-4668-BE54-9A1E7A4F7556}") = "SECCION-08_COLECCIONES-GENERICAS", "SECCION-08_COLECCIONES-GENERICAS\SECCION-08_COLECCIONES-GENERICAS.csproj", "{EB28A06B-A31F-4CC4-B845-A02C46B9CF4E}"
EndProject
Global
	GlobalSection(SolutionConfigurationPlatforms) = preSolution
		Debug|Any CPU = Debug|Any CPU
		Release|Any CPU = Release|Any CPU
	EndGlobalSection
	GlobalSection(ProjectConfigurationPlatforms) = postSolution
		{BE15C7F9-0D61-446F-A648-B97DF06CD14D}.Debug|Any CPU.ActiveCfg = Debug|Any CPU
		{BE15C7F9-0D61-446F-A648-B97DF06CD14D}.Debug|Any CPU.Build.0 = Debug|Any CPU
		{BE15C7F9-0D61-446F-A648-B97DF06CD14D}.Release|Any CPU.ActiveCfg = Release|Any CPU
		{BE15C7F9-0D61-446F-A648-B97DF06CD14D}.Release|Any CPU.Build.0 = Release|Any CPU
		{4D671AE6-E120-4BF2-A282-17AB6440531E}.Debug|Any CPU.ActiveCfg = Debug|Any CPU
		{4D671AE6-E120-4BF2-A282-17AB6440531E}.Debug|Any CPU.Build.0 = Debug|Any CPU
		{4D671AE6-E120-4BF2-A282-17AB6440531E}.Release|Any CPU.ActiveCfg = Release|Any CPU
		{4D671AE6-E120-4BF2-A282-17AB6440531E}.Release|Any CPU.Build.0 = Release|Any CPU
		{4473A907-9748-42F1-A850-9659D55966F8}.Debug|Any CPU.ActiveCfg = Debug|Any CPU
		{4473A907-9748-42F1-A850-9659D55966F8}.Debug|Any CPU.Build.0 = Debug|Any CPU
		{4473A907-9748-42F1-A850-9659D55966F8}.Release|Any CPU.ActiveCfg = Release|Any CPU
		{4473A907-9748-42F1-A850-9659D55966F8}.Release|Any CPU.Build.0 = Release|Any CPU
		{63343C95-C8AE-4A31-8FAB-480FBA295E79}.Debug|Any CPU.ActiveCfg = Debug|Any CPU
		{63343C95-C8AE-4A31-8FAB-480FBA295E79}.Debug|Any CPU.Build.0 = Debug|Any CPU
		{63343C95-C8AE-4A31-8FAB-480FBA295E79}.Release|Any CPU.ActiveCfg = Release|Any CPU
		{63343C95-C8AE-4A31-8FAB-480FBA295E79}.Release|Any CPU.Build.0 = Release|Any CPU
		{2B7B2C01-B9B9-48B8-B100-7E85B58E3F85}.Debug|Any CPU.ActiveCfg = Debug|Any CPU
		{2B7B2C01-B9B9-48B8-B100-7E85B58E3F85}.Debug|Any CPU.Build.0 = Debug|Any CPU
		{2B7B2C01-B9B9-48B8-B100-7E85B58E3F85}.Release|Any CPU.ActiveCfg = Release|Any CPU
		{2B7B2C01-B9B9-48B8-B100-7E85B58E3F85}.Release|Any CPU.Build.0 = Release|Any CPU
		{DE2B2D2B-06E3-4904-9528-A98175338BF8}.Debug|Any CPU.ActiveCfg = Debug|Any CPU
		{DE2B2D2B-06E3-4904-9528-A98175338BF8}.Debug|Any CPU.Build.0 = Debug|Any CPU
		{DE2B2D2B-06E3-4904-9528-A98175338BF8}.Release|Any CPU.ActiveCfg = Release|Any CPU
		{DE2B2D2B-06E3-4904-9528-A98175338BF8}.Release|Any CPU.Build.0 = Release|Any CPU
		{0ACEEB05-41C6-45A0-9D8A-ABBD150A132C}.Debug|Any CPU.ActiveCfg = Debug|Any CPU
		{0ACEEB05-41C6-45A0-9D8A-ABBD150A132C}.Debug|Any CPU.Build.0 = Debug|Any CPU
		{0ACEEB05-41C6-45A0-9D8A-ABBD150A132C}.Release|Any CPU.ActiveCfg = Release|Any CPU
		{0ACEEB05-41C6-45A0-9D8A-ABBD150A132C}.Release|Any CPU.Build.0 = Release|Any CPU
		{EB28A06B-A31F-4CC4-B845-A02C46B9CF4E}.Debug|Any CPU.ActiveCfg = Debug|Any CPU
		{EB28A06B-A31F-4CC4-B845-A02C46B9CF4E}.Debug|Any CPU.Build.0 = Debug|Any CPU
		{EB28A06B-A31F-4CC4-B845-A02C46B9CF4E}.Release|Any CPU.ActiveCfg = Release|Any CPU
		{EB28A06B-A31F-4CC4-B845-A02C46B9CF4E}.Release|Any CPU.Build.0 = Release|Any CPU
	EndGlobalSection
	GlobalSection(SolutionProperties) = preSolution
		HideSolutionNode = FALSE
	EndGlobalSection
	GlobalSection(NestedProjects) = preSolution
		{2B7B2C01-B9B9-48B8-B100-7E85B58E3F85} = {1A6C6509-2A77-49C4-90A8-62C8614D08AA}
	EndGlobalSection
	GlobalSection(ExtensibilityGlobals) = postSolution
		SolutionGuid = {11D13CA9-5068-4FAE-8592-DECD14551561}
	EndGlobalSection
EndGlobal
